{
  "name": "files",
  "version": "1.0.0",
  "lockfileVersion": 2,
  "requires": true,
  "packages": {
    "": {
      "name": "files",
      "version": "1.0.0",
      "license": "ISC",
      "devDependencies": {
        "@types/node": "^16.11.40"
      }
    },
    "node_modules/@types/node": {
      "version": "16.11.40",
      "resolved": "https://registry.npmjs.org/@types/node/-/node-16.11.40.tgz",
      "integrity": "sha512-7bOWglXUO6f21NG3YDI7hIpeMX3M59GG+DzZuzX2EkFKYUnRoxq3EOg4R0KNv2hxryY9M3UUqG5akwwsifrukw==",
      "dev": true
    }
  },
  "dependencies": {
    "@types/node": {
      "version": "16.11.40",
      "resolved": "https://registry.npmjs.org/@types/node/-/node-16.11.40.tgz",
      "integrity": "sha512-7bOWglXUO6f21NG3YDI7hIpeMX3M59GG+DzZuzX2EkFKYUnRoxq3EOg4R0KNv2hxryY9M3UUqG5akwwsifrukw==",
      "dev": true
    }
  }
}
